
Microsoft Visual Studio Solution File, Format Version 12.00
# Visual Studio Version 17
VisualStudioVersion = 17.9.34310.174
MinimumVisualStudioVersion = 10.0.40219.1
Project("{9A19103F-16F7-4668-BE54-9A1E7A4F7556}") = "Projekti", "Projekti\Projekti.csproj", "{1583A664-381B-4073-8E41-E8C899B3C951}"
EndProject
Project("{FAE04EC0-301F-11D3-BF4B-00C04F79EFBC}") = "Project.DataAcess", "Project.DataAcess\Project.DataAcess.csproj", "{3AD8FC53-7C3A-4E03-9998-A152DC06F4A8}"
EndProject
Project("{FAE04EC0-301F-11D3-BF4B-00C04F79EFBC}") = "Project.Models", "Project.Models\Project.Models.csproj", "{802CE509-4250-41A7-99AE-C59B996D5203}"
EndProject
Project("{FAE04EC0-301F-11D3-BF4B-00C04F79EFBC}") = "Project.Utility", "Project.Utility\Project.Utility.csproj", "{43296E05-CDD2-4BA9-A8CC-D7D5B519BFC5}"
EndProject
Global
	GlobalSection(SolutionConfigurationPlatforms) = preSolution
		Debug|Any CPU = Debug|Any CPU
		Release|Any CPU = Release|Any CPU
	EndGlobalSection
	GlobalSection(ProjectConfigurationPlatforms) = postSolution
		{1583A664-381B-4073-8E41-E8C899B3C951}.Debug|Any CPU.ActiveCfg = Debug|Any CPU
		{1583A664-381B-4073-8E41-E8C899B3C951}.Debug|Any CPU.Build.0 = Debug|Any CPU
		{1583A664-381B-4073-8E41-E8C899B3C951}.Release|Any CPU.ActiveCfg = Release|Any CPU
		{1583A664-381B-4073-8E41-E8C899B3C951}.Release|Any CPU.Build.0 = Release|Any CPU
		{3AD8FC53-7C3A-4E03-9998-A152DC06F4A8}.Debug|Any CPU.ActiveCfg = Debug|Any CPU
		{3AD8FC53-7C3A-4E03-9998-A152DC06F4A8}.Debug|Any CPU.Build.0 = Debug|Any CPU
		{3AD8FC53-7C3A-4E03-9998-A152DC06F4A8}.Release|Any CPU.ActiveCfg = Release|Any CPU
		{3AD8FC53-7C3A-4E03-9998-A152DC06F4A8}.Release|Any CPU.Build.0 = Release|Any CPU
		{802CE509-4250-41A7-99AE-C59B996D5203}.Debug|Any CPU.ActiveCfg = Debug|Any CPU
		{802CE509-4250-41A7-99AE-C59B996D5203}.Debug|Any CPU.Build.0 = Debug|Any CPU
		{802CE509-4250-41A7-99AE-C59B996D5203}.Release|Any CPU.ActiveCfg = Release|Any CPU
		{802CE509-4250-41A7-99AE-C59B996D5203}.Release|Any CPU.Build.0 = Release|Any CPU
		{43296E05-CDD2-4BA9-A8CC-D7D5B519BFC5}.Debug|Any CPU.ActiveCfg = Debug|Any CPU
		{43296E05-CDD2-4BA9-A8CC-D7D5B519BFC5}.Debug|Any CPU.Build.0 = Debug|Any CPU
		{43296E05-CDD2-4BA9-A8CC-D7D5B519BFC5}.Release|Any CPU.ActiveCfg = Release|Any CPU
		{43296E05-CDD2-4BA9-A8CC-D7D5B519BFC5}.Release|Any CPU.Build.0 = Release|Any CPU
	EndGlobalSection
	GlobalSection(SolutionProperties) = preSolution
		HideSolutionNode = FALSE
	EndGlobalSection
	GlobalSection(ExtensibilityGlobals) = postSolution
		SolutionGuid = {13DB2231-BDC8-4516-9595-A90042739C13}
	EndGlobalSection
EndGlobal
