
Microsoft Visual Studio Solution File, Format Version 12.00
# Visual Studio Version 17
VisualStudioVersion = 17.9.34310.174
MinimumVisualStudioVersion = 10.0.40219.1
Project("{FAE04EC0-301F-11D3-BF4B-00C04F79EFBC}") = "Projekti", "Projekti\Projekti.csproj", "{1583A664-381B-4073-8E41-E8C899B3C951}"
EndProject
Global
	GlobalSection(SolutionConfigurationPlatforms) = preSolution
		Debug|Any CPU = Debug|Any CPU
		Release|Any CPU = Release|Any CPU
	EndGlobalSection
	GlobalSection(ProjectConfigurationPlatforms) = postSolution
		{1583A664-381B-4073-8E41-E8C899B3C951}.Debug|Any CPU.ActiveCfg = Debug|Any CPU
		{1583A664-381B-4073-8E41-E8C899B3C951}.Debug|Any CPU.Build.0 = Debug|Any CPU
		{1583A664-381B-4073-8E41-E8C899B3C951}.Release|Any CPU.ActiveCfg = Release|Any CPU
		{1583A664-381B-4073-8E41-E8C899B3C951}.Release|Any CPU.Build.0 = Release|Any CPU
	EndGlobalSection
	GlobalSection(SolutionProperties) = preSolution
		HideSolutionNode = FALSE
	EndGlobalSection
	GlobalSection(ExtensibilityGlobals) = postSolution
		SolutionGuid = {13DB2231-BDC8-4516-9595-A90042739C13}
	EndGlobalSection
EndGlobal
